{
  "version": 4,
  "terraform_version": "1.13.0",
  "serial": 1,
  "lineage": "b17a41fd-f4ea-d285-2e06-fceecb83a5da",
  "outputs": {},
  "resources": [
    {
      "mode": "managed",
      "type": "local_file",
      "name": "multi_files",
      "provider": "provider[\"registry.terraform.io/hashicorp/local\"]",
      "instances": [
        {
          "index_key": 0,
          "schema_version": 0,
          "attributes": {
            "content": "This file number is 1",
            "content_base64": null,
            "content_base64sha256": "fk6zXRVActSclHoSJQktT3ZehWTUcHXtbGitpNa9yJ0=",
            "content_base64sha512": "e9HMvFxMu8bKIIU8O3WkGiQEx9/mqSEZBsbRONtLsURlpuTbTojDPRNGxz8VjtmnVguUXXeik54aASih/WvKqg==",
            "content_md5": "637114494c32a14dc8cc9f1b8698410b",
            "content_sha1": "337e08b7637b12c594a5833512bcb6ebd7518538",
            "content_sha256": "7e4eb35d154072d49c947a1225092d4f765e8564d47075ed6c68ada4d6bdc89d",
            "content_sha512": "7bd1ccbc5c4cbbc6ca20853c3b75a41a2404c7dfe6a9211906c6d138db4bb14465a6e4db4e88c33d1346c73f158ed9a7560b945d77a2939e1a0128a1fd6bcaaa",
            "directory_permission": "0777",
            "file_permission": "0777",
            "filename": "amsath.txt",
            "id": "337e08b7637b12c594a5833512bcb6ebd7518538",
            "sensitive_content": null,
            "source": null
          },
          "sensitive_attributes": [
            [
              {
                "type": "get_attr",
                "value": "sensitive_content"
              }
            ]
          ],
          "identity_schema_version": 0
        },
        {
          "index_key": 1,
          "schema_version": 0,
          "attributes": {
            "content": "This file number is 2",
            "content_base64": null,
            "content_base64sha256": "LQx9X8Ie/xTAwDRqr9xAfrX57lAv5Fg0HZXczblkZ0A=",
            "content_base64sha512": "u/OOy9JMa7h9NSlvYzSI/Z8a/ErL0DAZEpMoH/SW6KOFPGPrvWhvnpd8mTm2S51F2JHbgMpsYdopg0LnMMr8BQ==",
            "content_md5": "e73c12bdfec0660a6588273edea241d4",
            "content_sha1": "a7b56a86f68ce42cf0264cab82b9834076fbbcfb",
            "content_sha256": "2d0c7d5fc21eff14c0c0346aafdc407eb5f9ee502fe458341d95dccdb9646740",
            "content_sha512": "bbf38ecbd24c6bb87d35296f633488fd9f1afc4acbd030191293281ff496e8a3853c63ebbd686f9e977c9939b64b9d45d891db80ca6c61da298342e730cafc05",
            "directory_permission": "0777",
            "file_permission": "0777",
            "filename": "db.txt",
            "id": "a7b56a86f68ce42cf0264cab82b9834076fbbcfb",
            "sensitive_content": null,
            "source": null
          },
          "sensitive_attributes": [
            [
              {
                "type": "get_attr",
                "value": "sensitive_content"
              }
            ]
          ],
          "identity_schema_version": 0
        },
        {
          "index_key": 2,
          "schema_version": 0,
          "attributes": {
            "content": "This file number is 3",
            "content_base64": null,
            "content_base64sha256": "I1rGChhw5P3yx02tgQwxMFD/upg5+JY8uE7bedm1sxg=",
            "content_base64sha512": "CUg2rszdY0yNQRbRcma+zYBzFxREtKcmslgik/fBgywjflK6QmQMKMrsE7emb+Inx4J/Xh9F6cntbqGq4hqYkg==",
            "content_md5": "e86d2111835672be9570ee928b8fc2fe",
            "content_sha1": "c7dfa886d69fa3db4e3f9e694951cc2b86616391",
            "content_sha256": "235ac60a1870e4fdf2c74dad810c313050ffba9839f8963cb84edb79d9b5b318",
            "content_sha512": "094836aeccdd634c8d4116d17266becd8073171444b4a726b2582293f7c1832c237e52ba42640c28caec13b7a66fe227c7827f5e1f45e9c9ed6ea1aae21a9892",
            "directory_permission": "0777",
            "file_permission": "0777",
            "filename": "cache.txt",
            "id": "c7dfa886d69fa3db4e3f9e694951cc2b86616391",
            "sensitive_content": null,
            "source": null
          },
          "sensitive_attributes": [
            [
              {
                "type": "get_attr",
                "value": "sensitive_content"
              }
            ]
          ],
          "identity_schema_version": 0
        }
      ]
    }
  ],
  "check_results": null
}
