{
  "version": 4,
  "terraform_version": "1.13.0",
  "serial": 11,
  "lineage": "41537576-57d4-af5e-e1e4-6f2d9687b4ac",
  "outputs": {},
  "resources": [
    {
      "mode": "managed",
      "type": "local_file",
      "name": "testing",
      "provider": "provider[\"registry.terraform.io/hashicorp/local\"]",
      "instances": [
        {
          "schema_version": 0,
          "attributes": {
            "content": "Hello Terraform, This is Amsath",
            "content_base64": null,
            "content_base64sha256": "rOy5i7fmVBV9LJOrLA/1WuwkCdKfkQLGOlynIuyLRQM=",
            "content_base64sha512": "7byHLZgAj1mCg78LZV0cXxAjVhNA7alq9Agx/UaONVD9EUUJkkCSTPzWrVMM9tzixnPuy2exO7H3S60pvzEZXA==",
            "content_md5": "9bc94561b7acd2208b067bc368ba9730",
            "content_sha1": "c9554442374cc457d1bdbd4748308877f5bb67af",
            "content_sha256": "acecb98bb7e654157d2c93ab2c0ff55aec2409d29f9102c63a5ca722ec8b4503",
            "content_sha512": "edbc872d98008f598283bf0b655d1c5f1023561340eda96af40831fd468e3550fd1145099240924cfcd6ad530cf6dce2c673eecb67b13bb1f74bad29bf31195c",
            "directory_permission": "0777",
            "file_permission": "0777",
            "filename": "terraform.txt",
            "id": "c9554442374cc457d1bdbd4748308877f5bb67af",
            "sensitive_content": null,
            "source": null
          },
          "sensitive_attributes": [
            [
              {
                "type": "get_attr",
                "value": "sensitive_content"
              }
            ]
          ],
          "identity_schema_version": 0
        }
      ]
    }
  ],
  "check_results": null
}
